// !$*UTF8*$!
{
	archiveVersion = 1;
	classes = {
	};
	objectVersion = 46;
	objects = {

/* Begin PBXBuildFile section */
		02014447C2EDBFE03D9B0834 /* SlurmParsingTests.swift in Sources */ = {isa = PBXBuildFile; fileRef = BE636D56F05870BE35089B2B /* SlurmParsingTests.swift */; };
		04479C8D42618C2F8D2C79DA /* BrowseJobsSectionView.swift in Sources */ = {isa = PBXBuildFile; fileRef = F64F89C05E196D6FFC5D0B84 /* BrowseJobsSectionView.swift */; };
		1478088CAE141B2BA893A35E /* Cocoa.framework in Frameworks */ = {isa = PBXBuildFile; fileRef = 26910D9DBE20437D170A4385 /* Cocoa.framework */; };
		20B9C3B0394209E142F679A7 /* SettingsView.swift in Sources */ = {isa = PBXBuildFile; fileRef = 1E9F93E1A451FE2499914200 /* SettingsView.swift */; };
		2F8503DA5E043E99F72BEDA5 /* JobModels.swift in Sources */ = {isa = PBXBuildFile; fileRef = ACC1B9E0A7AF5EFD9AB08EBA /* JobModels.swift */; };
		38EFF7E7A2A1DC23593B8041 /* ClusterConfig.swift in Sources */ = {isa = PBXBuildFile; fileRef = 76204940AF6C64CB469D1A44 /* ClusterConfig.swift */; };
		51349F56FA3B99BE521D977D /* JobStoreTests.swift in Sources */ = {isa = PBXBuildFile; fileRef = CB5B3086795152812975D0A3 /* JobStoreTests.swift */; };
		67A6D9F05AA35996F037E87F /* NotificationManager.swift in Sources */ = {isa = PBXBuildFile; fileRef = 5C8B9417332C50E2799AC3C3 /* NotificationManager.swift */; };
		769EEFE615B6238E3150749E /* StateBadgeView.swift in Sources */ = {isa = PBXBuildFile; fileRef = 43CA2AA0B7FC1EB73CFBF390 /* StateBadgeView.swift */; };
		7923A833BF99E8B4FC0735F0 /* SlurmParsing.swift in Sources */ = {isa = PBXBuildFile; fileRef = F168491DFCA70551B37F71A3 /* SlurmParsing.swift */; };
		7BAE1915D2BCFA03132E09DB /* PersistenceStore.swift in Sources */ = {isa = PBXBuildFile; fileRef = CEA96F77312996077A0DDF76 /* PersistenceStore.swift */; };
		82BA7717D66CF5F1F178C792 /* JobFormatting.swift in Sources */ = {isa = PBXBuildFile; fileRef = 2FCD9FFAC84A0A491BEACD96 /* JobFormatting.swift */; };
		851932153920CB008E8E6152 /* MenuBarRootView.swift in Sources */ = {isa = PBXBuildFile; fileRef = 47A79486F60EBF3547403050 /* MenuBarRootView.swift */; };
		879918C2585E7BB5F3B5322A /* GroupedJobsViewModel.swift in Sources */ = {isa = PBXBuildFile; fileRef = E4D671582047C6DAAF270157 /* GroupedJobsViewModel.swift */; };
		89DD44A282DE63ED33FEBD9D /* Reachability.swift in Sources */ = {isa = PBXBuildFile; fileRef = 62594D2BD38AE38C12F62238 /* Reachability.swift */; };
		9FCC2B3E7E3B6B30DDE91C9D /* JobStore.swift in Sources */ = {isa = PBXBuildFile; fileRef = 067C0A4ADDB375B84045E969 /* JobStore.swift */; };
		B2D194627B2931FE480CB82F /* SlurmClient.swift in Sources */ = {isa = PBXBuildFile; fileRef = 0292CB392524AED265112296 /* SlurmClient.swift */; };
		B7556AF7964C8F094C838FA9 /* GroupedJobsViewModelTests.swift in Sources */ = {isa = PBXBuildFile; fileRef = C62F560AB2BBC505A4358B81 /* GroupedJobsViewModelTests.swift */; };
		B77795C80340FB436C5C4D83 /* PollingCoordinator.swift in Sources */ = {isa = PBXBuildFile; fileRef = E8CE2D3612A48C2FE4DCF78E /* PollingCoordinator.swift */; };
		BDB99CBC68748AB259B0D7AB /* WatchedJobsSectionView.swift in Sources */ = {isa = PBXBuildFile; fileRef = 6B9EE3613497E103F158A0D4 /* WatchedJobsSectionView.swift */; };
		C1B35E5387BAC27EB25FA5D5 /* ClusterWatchApp.swift in Sources */ = {isa = PBXBuildFile; fileRef = 62D5B29BA56DF988846E2243 /* ClusterWatchApp.swift */; };
		D132D3A7ACD547C800E0B452 /* Cocoa.framework in Frameworks */ = {isa = PBXBuildFile; fileRef = 26910D9DBE20437D170A4385 /* Cocoa.framework */; };
		D1C435DCC30793A76B4EF8D7 /* ClusterStatusSectionView.swift in Sources */ = {isa = PBXBuildFile; fileRef = 0C1FC8FC717DC80D7A1AE72E /* ClusterStatusSectionView.swift */; };
		E31304AFDB03BBA28B62672D /* WatchedJobRowView.swift in Sources */ = {isa = PBXBuildFile; fileRef = 343E1D66523DEE01BCA71EA0 /* WatchedJobRowView.swift */; };
		F15F1E245CB187DA4D498D4B /* PersistenceStoreTests.swift in Sources */ = {isa = PBXBuildFile; fileRef = A9BA4F98EB1D89D17CDB6765 /* PersistenceStoreTests.swift */; };
/* End PBXBuildFile section */

/* Begin PBXContainerItemProxy section */
		6884A637D138DD3679DDC709 /* PBXContainerItemProxy */ = {
			isa = PBXContainerItemProxy;
			containerPortal = 429F53294297A03BA2AC7B8B /* Project object */;
			proxyType = 1;
			remoteGlobalIDString = D4CBD14558FFD776154D7B06;
			remoteInfo = "Cluster Watch";
		};
/* End PBXContainerItemProxy section */

/* Begin PBXFileReference section */
		0292CB392524AED265112296 /* SlurmClient.swift */ = {isa = PBXFileReference; includeInIndex = 1; lastKnownFileType = sourcecode.swift; path = SlurmClient.swift; sourceTree = "<group>"; };
		067C0A4ADDB375B84045E969 /* JobStore.swift */ = {isa = PBXFileReference; includeInIndex = 1; lastKnownFileType = sourcecode.swift; path = JobStore.swift; sourceTree = "<group>"; };
		0C1FC8FC717DC80D7A1AE72E /* ClusterStatusSectionView.swift */ = {isa = PBXFileReference; includeInIndex = 1; lastKnownFileType = sourcecode.swift; path = ClusterStatusSectionView.swift; sourceTree = "<group>"; };
		1E9F93E1A451FE2499914200 /* SettingsView.swift */ = {isa = PBXFileReference; includeInIndex = 1; lastKnownFileType = sourcecode.swift; path = SettingsView.swift; sourceTree = "<group>"; };
		26910D9DBE20437D170A4385 /* Cocoa.framework */ = {isa = PBXFileReference; lastKnownFileType = wrapper.framework; name = Cocoa.framework; path = Platforms/MacOSX.platform/Developer/SDKs/MacOSX15.0.sdk/System/Library/Frameworks/Cocoa.framework; sourceTree = DEVELOPER_DIR; };
		27274238747F8BEB9862F0A1 /* Info.plist */ = {isa = PBXFileReference; includeInIndex = 1; lastKnownFileType = text.plist.xml; path = Info.plist; sourceTree = "<group>"; };
		2FCD9FFAC84A0A491BEACD96 /* JobFormatting.swift */ = {isa = PBXFileReference; includeInIndex = 1; lastKnownFileType = sourcecode.swift; path = JobFormatting.swift; sourceTree = "<group>"; };
		343E1D66523DEE01BCA71EA0 /* WatchedJobRowView.swift */ = {isa = PBXFileReference; includeInIndex = 1; lastKnownFileType = sourcecode.swift; path = WatchedJobRowView.swift; sourceTree = "<group>"; };
		3BF0442BFAE7C7DB9D727E4A /* Cluster Watch.app */ = {isa = PBXFileReference; explicitFileType = wrapper.application; includeInIndex = 0; path = "Cluster Watch.app"; sourceTree = BUILT_PRODUCTS_DIR; };
		43CA2AA0B7FC1EB73CFBF390 /* StateBadgeView.swift */ = {isa = PBXFileReference; includeInIndex = 1; lastKnownFileType = sourcecode.swift; path = StateBadgeView.swift; sourceTree = "<group>"; };
		47A79486F60EBF3547403050 /* MenuBarRootView.swift */ = {isa = PBXFileReference; includeInIndex = 1; lastKnownFileType = sourcecode.swift; path = MenuBarRootView.swift; sourceTree = "<group>"; };
		5C8B9417332C50E2799AC3C3 /* NotificationManager.swift */ = {isa = PBXFileReference; includeInIndex = 1; lastKnownFileType = sourcecode.swift; path = NotificationManager.swift; sourceTree = "<group>"; };
		62594D2BD38AE38C12F62238 /* Reachability.swift */ = {isa = PBXFileReference; includeInIndex = 1; lastKnownFileType = sourcecode.swift; path = Reachability.swift; sourceTree = "<group>"; };
		62D5B29BA56DF988846E2243 /* ClusterWatchApp.swift */ = {isa = PBXFileReference; includeInIndex = 1; lastKnownFileType = sourcecode.swift; path = ClusterWatchApp.swift; sourceTree = "<group>"; };
		6B9EE3613497E103F158A0D4 /* WatchedJobsSectionView.swift */ = {isa = PBXFileReference; includeInIndex = 1; lastKnownFileType = sourcecode.swift; path = WatchedJobsSectionView.swift; sourceTree = "<group>"; };
		76204940AF6C64CB469D1A44 /* ClusterConfig.swift */ = {isa = PBXFileReference; includeInIndex = 1; lastKnownFileType = sourcecode.swift; path = ClusterConfig.swift; sourceTree = "<group>"; };
		A9BA4F98EB1D89D17CDB6765 /* PersistenceStoreTests.swift */ = {isa = PBXFileReference; includeInIndex = 1; lastKnownFileType = sourcecode.swift; path = PersistenceStoreTests.swift; sourceTree = "<group>"; };
		ACC1B9E0A7AF5EFD9AB08EBA /* JobModels.swift */ = {isa = PBXFileReference; includeInIndex = 1; lastKnownFileType = sourcecode.swift; path = JobModels.swift; sourceTree = "<group>"; };
		BE636D56F05870BE35089B2B /* SlurmParsingTests.swift */ = {isa = PBXFileReference; includeInIndex = 1; lastKnownFileType = sourcecode.swift; path = SlurmParsingTests.swift; sourceTree = "<group>"; };
		C62F560AB2BBC505A4358B81 /* GroupedJobsViewModelTests.swift */ = {isa = PBXFileReference; includeInIndex = 1; lastKnownFileType = sourcecode.swift; path = GroupedJobsViewModelTests.swift; sourceTree = "<group>"; };
		CAAE789CE08602E326EBC2F9 /* Cluster WatchTests.xctest */ = {isa = PBXFileReference; explicitFileType = wrapper.cfbundle; includeInIndex = 0; path = "Cluster WatchTests.xctest"; sourceTree = BUILT_PRODUCTS_DIR; };
		CB5B3086795152812975D0A3 /* JobStoreTests.swift */ = {isa = PBXFileReference; includeInIndex = 1; lastKnownFileType = sourcecode.swift; path = JobStoreTests.swift; sourceTree = "<group>"; };
		CEA96F77312996077A0DDF76 /* PersistenceStore.swift */ = {isa = PBXFileReference; includeInIndex = 1; lastKnownFileType = sourcecode.swift; path = PersistenceStore.swift; sourceTree = "<group>"; };
		E4D671582047C6DAAF270157 /* GroupedJobsViewModel.swift */ = {isa = PBXFileReference; includeInIndex = 1; lastKnownFileType = sourcecode.swift; path = GroupedJobsViewModel.swift; sourceTree = "<group>"; };
		E8CE2D3612A48C2FE4DCF78E /* PollingCoordinator.swift */ = {isa = PBXFileReference; includeInIndex = 1; lastKnownFileType = sourcecode.swift; path = PollingCoordinator.swift; sourceTree = "<group>"; };
		F168491DFCA70551B37F71A3 /* SlurmParsing.swift */ = {isa = PBXFileReference; includeInIndex = 1; lastKnownFileType = sourcecode.swift; path = SlurmParsing.swift; sourceTree = "<group>"; };
		F64F89C05E196D6FFC5D0B84 /* BrowseJobsSectionView.swift */ = {isa = PBXFileReference; includeInIndex = 1; lastKnownFileType = sourcecode.swift; path = BrowseJobsSectionView.swift; sourceTree = "<group>"; };
/* End PBXFileReference section */

/* Begin PBXFrameworksBuildPhase section */
		76A865D6DD054751D6D3134B /* Frameworks */ = {
			isa = PBXFrameworksBuildPhase;
			buildActionMask = 2147483647;
			files = (
				D132D3A7ACD547C800E0B452 /* Cocoa.framework in Frameworks */,
			);
			runOnlyForDeploymentPostprocessing = 0;
		};
		BD9370BD2241B75043182BBE /* Frameworks */ = {
			isa = PBXFrameworksBuildPhase;
			buildActionMask = 2147483647;
			files = (
				1478088CAE141B2BA893A35E /* Cocoa.framework in Frameworks */,
			);
			runOnlyForDeploymentPostprocessing = 0;
		};
/* End PBXFrameworksBuildPhase section */

/* Begin PBXGroup section */
		0C3F142C5C3AC5D068E3A2CA /* Models */ = {
			isa = PBXGroup;
			children = (
				76204940AF6C64CB469D1A44 /* ClusterConfig.swift */,
				ACC1B9E0A7AF5EFD9AB08EBA /* JobModels.swift */,
				62594D2BD38AE38C12F62238 /* Reachability.swift */,
			);
			name = Models;
			sourceTree = "<group>";
		};
		2A0C444D4665684473B4931E /* Frameworks */ = {
			isa = PBXGroup;
			children = (
				F20842589CE9D2115781E1E8 /* OS X */,
			);
			name = Frameworks;
			sourceTree = "<group>";
		};
		3624D55BEEC29131E897DE34 /* UI */ = {
			isa = PBXGroup;
			children = (
				47A79486F60EBF3547403050 /* MenuBarRootView.swift */,
				43CA2AA0B7FC1EB73CFBF390 /* StateBadgeView.swift */,
				6B9EE3613497E103F158A0D4 /* WatchedJobsSectionView.swift */,
				343E1D66523DEE01BCA71EA0 /* WatchedJobRowView.swift */,
				0C1FC8FC717DC80D7A1AE72E /* ClusterStatusSectionView.swift */,
				F64F89C05E196D6FFC5D0B84 /* BrowseJobsSectionView.swift */,
				1E9F93E1A451FE2499914200 /* SettingsView.swift */,
			);
			name = UI;
			sourceTree = "<group>";
		};
		46F31F21E48E5932F83C3EFF /* ClusterWatchCoreTests */ = {
			isa = PBXGroup;
			children = (
				BE636D56F05870BE35089B2B /* SlurmParsingTests.swift */,
				C62F560AB2BBC505A4358B81 /* GroupedJobsViewModelTests.swift */,
				A9BA4F98EB1D89D17CDB6765 /* PersistenceStoreTests.swift */,
				CB5B3086795152812975D0A3 /* JobStoreTests.swift */,
			);
			name = ClusterWatchCoreTests;
			sourceTree = "<group>";
		};
		4D3243A75ECE94CAE1E16AB4 /* Tests */ = {
			isa = PBXGroup;
			children = (
				46F31F21E48E5932F83C3EFF /* ClusterWatchCoreTests */,
			);
			name = Tests;
			sourceTree = "<group>";
		};
		55FDA48AFB5971623B064C3A /* ViewModels */ = {
			isa = PBXGroup;
			children = (
				E4D671582047C6DAAF270157 /* GroupedJobsViewModel.swift */,
			);
			name = ViewModels;
			sourceTree = "<group>";
		};
		720582C7F7CAF77B3958E3CF /* Products */ = {
			isa = PBXGroup;
			children = (
				3BF0442BFAE7C7DB9D727E4A /* Cluster Watch.app */,
				CAAE789CE08602E326EBC2F9 /* Cluster WatchTests.xctest */,
			);
			name = Products;
			sourceTree = "<group>";
		};
		932B19694ECF00FB6DB5FAB1 /* Services */ = {
			isa = PBXGroup;
			children = (
				F168491DFCA70551B37F71A3 /* SlurmParsing.swift */,
				0292CB392524AED265112296 /* SlurmClient.swift */,
				5C8B9417332C50E2799AC3C3 /* NotificationManager.swift */,
				CEA96F77312996077A0DDF76 /* PersistenceStore.swift */,
				2FCD9FFAC84A0A491BEACD96 /* JobFormatting.swift */,
				E8CE2D3612A48C2FE4DCF78E /* PollingCoordinator.swift */,
				067C0A4ADDB375B84045E969 /* JobStore.swift */,
			);
			name = Services;
			sourceTree = "<group>";
		};
		BACB263A8E86743DA436C167 /* Cluster Watch */ = {
			isa = PBXGroup;
			children = (
				27274238747F8BEB9862F0A1 /* Info.plist */,
				62D5B29BA56DF988846E2243 /* ClusterWatchApp.swift */,
				3624D55BEEC29131E897DE34 /* UI */,
			);
			name = "Cluster Watch";
			sourceTree = "<group>";
		};
		DCA4E209CBBA21E5D6B99EB0 /* Shared */ = {
			isa = PBXGroup;
			children = (
				0C3F142C5C3AC5D068E3A2CA /* Models */,
				932B19694ECF00FB6DB5FAB1 /* Services */,
				55FDA48AFB5971623B064C3A /* ViewModels */,
			);
			name = Shared;
			sourceTree = "<group>";
		};
		DF596F230E561D7CF995F674 = {
			isa = PBXGroup;
			children = (
				720582C7F7CAF77B3958E3CF /* Products */,
				2A0C444D4665684473B4931E /* Frameworks */,
				BACB263A8E86743DA436C167 /* Cluster Watch */,
				DCA4E209CBBA21E5D6B99EB0 /* Shared */,
				4D3243A75ECE94CAE1E16AB4 /* Tests */,
			);
			sourceTree = "<group>";
		};
		F20842589CE9D2115781E1E8 /* OS X */ = {
			isa = PBXGroup;
			children = (
				26910D9DBE20437D170A4385 /* Cocoa.framework */,
			);
			name = "OS X";
			sourceTree = "<group>";
		};
/* End PBXGroup section */

/* Begin PBXNativeTarget section */
		D4CBD14558FFD776154D7B06 /* Cluster Watch */ = {
			isa = PBXNativeTarget;
			buildConfigurationList = B878421B169890C074BADB63 /* Build configuration list for PBXNativeTarget "Cluster Watch" */;
			buildPhases = (
				4593FEE0FEDC8F564B37A067 /* Sources */,
				76A865D6DD054751D6D3134B /* Frameworks */,
				CE2C57A9C5EE729C594C10B8 /* Resources */,
			);
			buildRules = (
			);
			dependencies = (
			);
			name = "Cluster Watch";
			productName = "Cluster Watch";
			productReference = 3BF0442BFAE7C7DB9D727E4A /* Cluster Watch.app */;
			productType = "com.apple.product-type.application";
		};
		D71CBE15F4D92F37D28A3D9E /* Cluster WatchTests */ = {
			isa = PBXNativeTarget;
			buildConfigurationList = 0262C33B533C6EA3044FFE4B /* Build configuration list for PBXNativeTarget "Cluster WatchTests" */;
			buildPhases = (
				563092D98732B9DCD5E367D4 /* Sources */,
				BD9370BD2241B75043182BBE /* Frameworks */,
				A82506F8AC05A231B12D3758 /* Resources */,
			);
			buildRules = (
			);
			dependencies = (
				14334386E7F3ACCAADBD7D4A /* PBXTargetDependency */,
			);
			name = "Cluster WatchTests";
			productName = "Cluster WatchTests";
			productReference = CAAE789CE08602E326EBC2F9 /* Cluster WatchTests.xctest */;
			productType = "com.apple.product-type.bundle.unit-test";
		};
/* End PBXNativeTarget section */

/* Begin PBXProject section */
		429F53294297A03BA2AC7B8B /* Project object */ = {
			isa = PBXProject;
			attributes = {
				LastSwiftUpdateCheck = 1600;
				LastUpgradeCheck = 1600;
				ORGANIZATIONNAME = "Kirill Dubovikov";
			};
			buildConfigurationList = EE3F7BB1FD993B79630983D3 /* Build configuration list for PBXProject "Cluster Watch" */;
			compatibilityVersion = "Xcode 3.2";
			developmentRegion = en;
			hasScannedForEncodings = 0;
			knownRegions = (
				en,
				Base,
			);
			mainGroup = DF596F230E561D7CF995F674;
			minimizedProjectReferenceProxies = 0;
			preferredProjectObjectVersion = 77;
			productRefGroup = 720582C7F7CAF77B3958E3CF /* Products */;
			projectDirPath = "";
			projectRoot = "";
			targets = (
				D4CBD14558FFD776154D7B06 /* Cluster Watch */,
				D71CBE15F4D92F37D28A3D9E /* Cluster WatchTests */,
			);
		};
/* End PBXProject section */

/* Begin PBXResourcesBuildPhase section */
		A82506F8AC05A231B12D3758 /* Resources */ = {
			isa = PBXResourcesBuildPhase;
			buildActionMask = 2147483647;
			files = (
			);
			runOnlyForDeploymentPostprocessing = 0;
		};
		CE2C57A9C5EE729C594C10B8 /* Resources */ = {
			isa = PBXResourcesBuildPhase;
			buildActionMask = 2147483647;
			files = (
			);
			runOnlyForDeploymentPostprocessing = 0;
		};
/* End PBXResourcesBuildPhase section */

/* Begin PBXSourcesBuildPhase section */
		4593FEE0FEDC8F564B37A067 /* Sources */ = {
			isa = PBXSourcesBuildPhase;
			buildActionMask = 2147483647;
			files = (
				C1B35E5387BAC27EB25FA5D5 /* ClusterWatchApp.swift in Sources */,
				851932153920CB008E8E6152 /* MenuBarRootView.swift in Sources */,
				769EEFE615B6238E3150749E /* StateBadgeView.swift in Sources */,
				BDB99CBC68748AB259B0D7AB /* WatchedJobsSectionView.swift in Sources */,
				E31304AFDB03BBA28B62672D /* WatchedJobRowView.swift in Sources */,
				D1C435DCC30793A76B4EF8D7 /* ClusterStatusSectionView.swift in Sources */,
				04479C8D42618C2F8D2C79DA /* BrowseJobsSectionView.swift in Sources */,
				20B9C3B0394209E142F679A7 /* SettingsView.swift in Sources */,
				38EFF7E7A2A1DC23593B8041 /* ClusterConfig.swift in Sources */,
				2F8503DA5E043E99F72BEDA5 /* JobModels.swift in Sources */,
				89DD44A282DE63ED33FEBD9D /* Reachability.swift in Sources */,
				7923A833BF99E8B4FC0735F0 /* SlurmParsing.swift in Sources */,
				B2D194627B2931FE480CB82F /* SlurmClient.swift in Sources */,
				67A6D9F05AA35996F037E87F /* NotificationManager.swift in Sources */,
				7BAE1915D2BCFA03132E09DB /* PersistenceStore.swift in Sources */,
				82BA7717D66CF5F1F178C792 /* JobFormatting.swift in Sources */,
				B77795C80340FB436C5C4D83 /* PollingCoordinator.swift in Sources */,
				9FCC2B3E7E3B6B30DDE91C9D /* JobStore.swift in Sources */,
				879918C2585E7BB5F3B5322A /* GroupedJobsViewModel.swift in Sources */,
			);
			runOnlyForDeploymentPostprocessing = 0;
		};
		563092D98732B9DCD5E367D4 /* Sources */ = {
			isa = PBXSourcesBuildPhase;
			buildActionMask = 2147483647;
			files = (
				02014447C2EDBFE03D9B0834 /* SlurmParsingTests.swift in Sources */,
				B7556AF7964C8F094C838FA9 /* GroupedJobsViewModelTests.swift in Sources */,
				F15F1E245CB187DA4D498D4B /* PersistenceStoreTests.swift in Sources */,
				51349F56FA3B99BE521D977D /* JobStoreTests.swift in Sources */,
			);
			runOnlyForDeploymentPostprocessing = 0;
		};
/* End PBXSourcesBuildPhase section */

/* Begin PBXTargetDependency section */
		14334386E7F3ACCAADBD7D4A /* PBXTargetDependency */ = {
			isa = PBXTargetDependency;
			name = "Cluster Watch";
			target = D4CBD14558FFD776154D7B06 /* Cluster Watch */;
			targetProxy = 6884A637D138DD3679DDC709 /* PBXContainerItemProxy */;
		};
/* End PBXTargetDependency section */

/* Begin XCBuildConfiguration section */
		26B7D4564761CAA1F8EC6880 /* Release */ = {
			isa = XCBuildConfiguration;
			buildSettings = {
				BUNDLE_LOADER = "$(TEST_HOST)";
				CODE_SIGN_STYLE = Automatic;
				GENERATE_INFOPLIST_FILE = YES;
				MACOSX_DEPLOYMENT_TARGET = 14.0;
				PRODUCT_BUNDLE_IDENTIFIER = com.kirilldubovikov.ClusterWatchTests;
				PRODUCT_MODULE_NAME = ClusterWatchTests;
				PRODUCT_NAME = "Cluster WatchTests";
				SDKROOT = macosx;
				SWIFT_VERSION = 5.0;
				TEST_HOST = "$(BUILT_PRODUCTS_DIR)/Cluster Watch.app/Contents/MacOS/Cluster Watch";
			};
			name = Release;
		};
		451B3A5DFA27DAD854A41E5E /* Release */ = {
			isa = XCBuildConfiguration;
			buildSettings = {
				ASSETCATALOG_COMPILER_APPICON_NAME = AppIcon;
				ASSETCATALOG_COMPILER_GLOBAL_ACCENT_COLOR_NAME = AccentColor;
				CODE_SIGN_STYLE = Automatic;
				COMBINE_HIDPI_IMAGES = YES;
				ENABLE_HARDENED_RUNTIME = NO;
				GENERATE_INFOPLIST_FILE = NO;
				INFOPLIST_FILE = "Cluster Watch/Info.plist";
				LD_RUNPATH_SEARCH_PATHS = "$(inherited) @executable_path/../Frameworks";
				MACOSX_DEPLOYMENT_TARGET = 14.0;
				PRODUCT_BUNDLE_IDENTIFIER = com.kirilldubovikov.ClusterWatch;
				PRODUCT_MODULE_NAME = ClusterWatchCore;
				PRODUCT_NAME = "Cluster Watch";
				SDKROOT = macosx;
				SWIFT_VERSION = 5.0;
			};
			name = Release;
		};
		76169A530560CA13A007EC3C /* Debug */ = {
			isa = XCBuildConfiguration;
			buildSettings = {
				ALWAYS_SEARCH_USER_PATHS = NO;
				CLANG_ANALYZER_NONNULL = YES;
				CLANG_ANALYZER_NUMBER_OBJECT_CONVERSION = YES_AGGRESSIVE;
				CLANG_CXX_LANGUAGE_STANDARD = "gnu++14";
				CLANG_CXX_LIBRARY = "libc++";
				CLANG_ENABLE_MODULES = YES;
				CLANG_ENABLE_OBJC_ARC = YES;
				CLANG_ENABLE_OBJC_WEAK = YES;
				CLANG_WARN_BLOCK_CAPTURE_AUTORELEASING = YES;
				CLANG_WARN_BOOL_CONVERSION = YES;
				CLANG_WARN_COMMA = YES;
				CLANG_WARN_CONSTANT_CONVERSION = YES;
				CLANG_WARN_DEPRECATED_OBJC_IMPLEMENTATIONS = YES;
				CLANG_WARN_DIRECT_OBJC_ISA_USAGE = YES_ERROR;
				CLANG_WARN_DOCUMENTATION_COMMENTS = YES;
				CLANG_WARN_EMPTY_BODY = YES;
				CLANG_WARN_ENUM_CONVERSION = YES;
				CLANG_WARN_INFINITE_RECURSION = YES;
				CLANG_WARN_INT_CONVERSION = YES;
				CLANG_WARN_NON_LITERAL_NULL_CONVERSION = YES;
				CLANG_WARN_OBJC_IMPLICIT_RETAIN_SELF = YES;
				CLANG_WARN_OBJC_LITERAL_CONVERSION = YES;
				CLANG_WARN_OBJC_ROOT_CLASS = YES_ERROR;
				CLANG_WARN_QUOTED_INCLUDE_IN_FRAMEWORK_HEADER = YES;
				CLANG_WARN_RANGE_LOOP_ANALYSIS = YES;
				CLANG_WARN_STRICT_PROTOTYPES = YES;
				CLANG_WARN_SUSPICIOUS_MOVE = YES;
				CLANG_WARN_UNGUARDED_AVAILABILITY = YES_AGGRESSIVE;
				CLANG_WARN_UNREACHABLE_CODE = YES;
				CLANG_WARN__DUPLICATE_METHOD_MATCH = YES;
				COPY_PHASE_STRIP = NO;
				DEBUG_INFORMATION_FORMAT = dwarf;
				ENABLE_STRICT_OBJC_MSGSEND = YES;
				ENABLE_TESTABILITY = YES;
				GCC_C_LANGUAGE_STANDARD = gnu11;
				GCC_DYNAMIC_NO_PIC = NO;
				GCC_NO_COMMON_BLOCKS = YES;
				GCC_OPTIMIZATION_LEVEL = 0;
				GCC_PREPROCESSOR_DEFINITIONS = (
					"DEBUG=1",
					"$(inherited)",
				);
				GCC_WARN_64_TO_32_BIT_CONVERSION = YES;
				GCC_WARN_ABOUT_RETURN_TYPE = YES_ERROR;
				GCC_WARN_UNDECLARED_SELECTOR = YES;
				GCC_WARN_UNINITIALIZED_AUTOS = YES_AGGRESSIVE;
				GCC_WARN_UNUSED_FUNCTION = YES;
				GCC_WARN_UNUSED_VARIABLE = YES;
				MTL_ENABLE_DEBUG_INFO = INCLUDE_SOURCE;
				MTL_FAST_MATH = YES;
				ONLY_ACTIVE_ARCH = YES;
				PRODUCT_NAME = "$(TARGET_NAME)";
				SWIFT_ACTIVE_COMPILATION_CONDITIONS = DEBUG;
				SWIFT_OPTIMIZATION_LEVEL = "-Onone";
				SWIFT_VERSION = 5.0;
			};
			name = Debug;
		};
		9F4E2B94FF0D0348F66177ED /* Debug */ = {
			isa = XCBuildConfiguration;
			buildSettings = {
				ASSETCATALOG_COMPILER_APPICON_NAME = AppIcon;
				ASSETCATALOG_COMPILER_GLOBAL_ACCENT_COLOR_NAME = AccentColor;
				CODE_SIGN_STYLE = Automatic;
				COMBINE_HIDPI_IMAGES = YES;
				ENABLE_HARDENED_RUNTIME = NO;
				GENERATE_INFOPLIST_FILE = NO;
				INFOPLIST_FILE = "Cluster Watch/Info.plist";
				LD_RUNPATH_SEARCH_PATHS = "$(inherited) @executable_path/../Frameworks";
				MACOSX_DEPLOYMENT_TARGET = 14.0;
				PRODUCT_BUNDLE_IDENTIFIER = com.kirilldubovikov.ClusterWatch;
				PRODUCT_MODULE_NAME = ClusterWatchCore;
				PRODUCT_NAME = "Cluster Watch";
				SDKROOT = macosx;
				SWIFT_VERSION = 5.0;
			};
			name = Debug;
		};
		9FE7A6E93871DFB209FF86DC /* Debug */ = {
			isa = XCBuildConfiguration;
			buildSettings = {
				BUNDLE_LOADER = "$(TEST_HOST)";
				CODE_SIGN_STYLE = Automatic;
				GENERATE_INFOPLIST_FILE = YES;
				MACOSX_DEPLOYMENT_TARGET = 14.0;
				PRODUCT_BUNDLE_IDENTIFIER = com.kirilldubovikov.ClusterWatchTests;
				PRODUCT_MODULE_NAME = ClusterWatchTests;
				PRODUCT_NAME = "Cluster WatchTests";
				SDKROOT = macosx;
				SWIFT_VERSION = 5.0;
				TEST_HOST = "$(BUILT_PRODUCTS_DIR)/Cluster Watch.app/Contents/MacOS/Cluster Watch";
			};
			name = Debug;
		};
		D235F9D068137F8FCF47BEE3 /* Release */ = {
			isa = XCBuildConfiguration;
			buildSettings = {
				ALWAYS_SEARCH_USER_PATHS = NO;
				CLANG_ANALYZER_NONNULL = YES;
				CLANG_ANALYZER_NUMBER_OBJECT_CONVERSION = YES_AGGRESSIVE;
				CLANG_CXX_LANGUAGE_STANDARD = "gnu++14";
				CLANG_CXX_LIBRARY = "libc++";
				CLANG_ENABLE_MODULES = YES;
				CLANG_ENABLE_OBJC_ARC = YES;
				CLANG_ENABLE_OBJC_WEAK = YES;
				CLANG_WARN_BLOCK_CAPTURE_AUTORELEASING = YES;
				CLANG_WARN_BOOL_CONVERSION = YES;
				CLANG_WARN_COMMA = YES;
				CLANG_WARN_CONSTANT_CONVERSION = YES;
				CLANG_WARN_DEPRECATED_OBJC_IMPLEMENTATIONS = YES;
				CLANG_WARN_DIRECT_OBJC_ISA_USAGE = YES_ERROR;
				CLANG_WARN_DOCUMENTATION_COMMENTS = YES;
				CLANG_WARN_EMPTY_BODY = YES;
				CLANG_WARN_ENUM_CONVERSION = YES;
				CLANG_WARN_INFINITE_RECURSION = YES;
				CLANG_WARN_INT_CONVERSION = YES;
				CLANG_WARN_NON_LITERAL_NULL_CONVERSION = YES;
				CLANG_WARN_OBJC_IMPLICIT_RETAIN_SELF = YES;
				CLANG_WARN_OBJC_LITERAL_CONVERSION = YES;
				CLANG_WARN_OBJC_ROOT_CLASS = YES_ERROR;
				CLANG_WARN_QUOTED_INCLUDE_IN_FRAMEWORK_HEADER = YES;
				CLANG_WARN_RANGE_LOOP_ANALYSIS = YES;
				CLANG_WARN_STRICT_PROTOTYPES = YES;
				CLANG_WARN_SUSPICIOUS_MOVE = YES;
				CLANG_WARN_UNGUARDED_AVAILABILITY = YES_AGGRESSIVE;
				CLANG_WARN_UNREACHABLE_CODE = YES;
				CLANG_WARN__DUPLICATE_METHOD_MATCH = YES;
				COPY_PHASE_STRIP = NO;
				DEBUG_INFORMATION_FORMAT = "dwarf-with-dsym";
				ENABLE_NS_ASSERTIONS = NO;
				ENABLE_STRICT_OBJC_MSGSEND = YES;
				GCC_C_LANGUAGE_STANDARD = gnu11;
				GCC_NO_COMMON_BLOCKS = YES;
				GCC_WARN_64_TO_32_BIT_CONVERSION = YES;
				GCC_WARN_ABOUT_RETURN_TYPE = YES_ERROR;
				GCC_WARN_UNDECLARED_SELECTOR = YES;
				GCC_WARN_UNINITIALIZED_AUTOS = YES_AGGRESSIVE;
				GCC_WARN_UNUSED_FUNCTION = YES;
				GCC_WARN_UNUSED_VARIABLE = YES;
				MTL_ENABLE_DEBUG_INFO = NO;
				MTL_FAST_MATH = YES;
				PRODUCT_NAME = "$(TARGET_NAME)";
				SWIFT_COMPILATION_MODE = wholemodule;
				SWIFT_OPTIMIZATION_LEVEL = "-O";
				SWIFT_VERSION = 5.0;
			};
			name = Release;
		};
/* End XCBuildConfiguration section */

/* Begin XCConfigurationList section */
		0262C33B533C6EA3044FFE4B /* Build configuration list for PBXNativeTarget "Cluster WatchTests" */ = {
			isa = XCConfigurationList;
			buildConfigurations = (
				26B7D4564761CAA1F8EC6880 /* Release */,
				9FE7A6E93871DFB209FF86DC /* Debug */,
			);
			defaultConfigurationIsVisible = 0;
			defaultConfigurationName = Release;
		};
		B878421B169890C074BADB63 /* Build configuration list for PBXNativeTarget "Cluster Watch" */ = {
			isa = XCConfigurationList;
			buildConfigurations = (
				451B3A5DFA27DAD854A41E5E /* Release */,
				9F4E2B94FF0D0348F66177ED /* Debug */,
			);
			defaultConfigurationIsVisible = 0;
			defaultConfigurationName = Release;
		};
		EE3F7BB1FD993B79630983D3 /* Build configuration list for PBXProject "Cluster Watch" */ = {
			isa = XCConfigurationList;
			buildConfigurations = (
				76169A530560CA13A007EC3C /* Debug */,
				D235F9D068137F8FCF47BEE3 /* Release */,
			);
			defaultConfigurationIsVisible = 0;
			defaultConfigurationName = Release;
		};
/* End XCConfigurationList section */
	};
	rootObject = 429F53294297A03BA2AC7B8B /* Project object */;
}
